
Microsoft Visual Studio Solution File, Format Version 12.00
# Visual Studio 2013
VisualStudioVersion = 12.0.30723.0
MinimumVisualStudioVersion = 10.0.40219.1
Project("{E24C65DC-7377-472B-9ABA-BC803B73C61A}") = "ucc", "http://localhost:50607", "{21942D51-03BE-404A-A0C2-5F23DC6E2B58}"
	ProjectSection(WebsiteProperties) = preProject
		UseIISExpress = "true"
		TargetFrameworkMoniker = ".NETFramework,Version%3Dv3.5"
		Debug.AspNetCompiler.VirtualPath = "/localhost_50607"
		Debug.AspNetCompiler.PhysicalPath = "\\ktivm-dev2012\c$\webs\test.identi-check.com\ucc\"
		Debug.AspNetCompiler.TargetPath = "PrecompiledWeb\localhost_50607\"
		Debug.AspNetCompiler.Updateable = "true"
		Debug.AspNetCompiler.ForceOverwrite = "true"
		Debug.AspNetCompiler.FixedNames = "false"
		Debug.AspNetCompiler.Debug = "True"
		Release.AspNetCompiler.VirtualPath = "/localhost_50607"
		Release.AspNetCompiler.PhysicalPath = "\\ktivm-dev2012\c$\webs\test.identi-check.com\ucc\"
		Release.AspNetCompiler.TargetPath = "PrecompiledWeb\localhost_50607\"
		Release.AspNetCompiler.Updateable = "true"
		Release.AspNetCompiler.ForceOverwrite = "true"
		Release.AspNetCompiler.FixedNames = "false"
		Release.AspNetCompiler.Debug = "False"
		SlnRelativePath = "\\ktivm-dev2012\c$\webs\test.identi-check.com\ucc\"
	EndProjectSection
EndProject
Global
	GlobalSection(SolutionConfigurationPlatforms) = preSolution
		Debug|Any CPU = Debug|Any CPU
	EndGlobalSection
	GlobalSection(ProjectConfigurationPlatforms) = postSolution
		{21942D51-03BE-404A-A0C2-5F23DC6E2B58}.Debug|Any CPU.ActiveCfg = Debug|Any CPU
		{21942D51-03BE-404A-A0C2-5F23DC6E2B58}.Debug|Any CPU.Build.0 = Debug|Any CPU
	EndGlobalSection
	GlobalSection(SolutionProperties) = preSolution
		HideSolutionNode = FALSE
	EndGlobalSection
EndGlobal
